
Microsoft Visual Studio Solution File, Format Version 12.00
# Visual Studio Version 16
VisualStudioVersion = 25.0.1704.5
MinimumVisualStudioVersion = 10.0.40219.1
Project("{FAE04EC0-301F-11D3-BF4B-00C04F79EFBC}") = "DemoPE", "DemoPE\DemoPE.csproj", "{FF041D91-E6CE-4EBE-A3A9-FF06402922A4}"
EndProject
Global
	GlobalSection(SolutionConfigurationPlatforms) = preSolution
		Debug|Any CPU = Debug|Any CPU
		Release|Any CPU = Release|Any CPU
	EndGlobalSection
	GlobalSection(ProjectConfigurationPlatforms) = postSolution
		{FF041D91-E6CE-4EBE-A3A9-FF06402922A4}.Debug|Any CPU.ActiveCfg = Debug|Any CPU
		{FF041D91-E6CE-4EBE-A3A9-FF06402922A4}.Debug|Any CPU.Build.0 = Debug|Any CPU
		{FF041D91-E6CE-4EBE-A3A9-FF06402922A4}.Release|Any CPU.ActiveCfg = Release|Any CPU
		{FF041D91-E6CE-4EBE-A3A9-FF06402922A4}.Release|Any CPU.Build.0 = Release|Any CPU
	EndGlobalSection
	GlobalSection(SolutionProperties) = preSolution
		HideSolutionNode = FALSE
	EndGlobalSection
	GlobalSection(ExtensibilityGlobals) = postSolution
		SolutionGuid = {E3EF04C9-0BA8-4C82-86B8-1251D338AB0C}
	EndGlobalSection
EndGlobal
